{
  "lockfileVersion": 2,
  "configVersion": 1,
  "workspaces": {
    "": {
      "name": "geotracker-mock-walk",
      "dependencies": {
        "@fontsource-variable/inter": "^5.3.0",
        "@fontsource-variable/jetbrains-mono": "^5.3.0",
        "leaflet": "^1.9.4",
        "lucide": "^1.49.0",
        "notyf": "^3.10.0",
      },
      "devDependencies": {
        "@types/bun": "latest",
        "@types/leaflet": "^1.9.22",
      },
    },
  },
  "packages": {
    "@fontsource-variable/inter": ["@fontsource-variable/inter@5.3.0", "", {}, "sha512-OupL48va4JNofb97w6NYeF9S7W/kHNKM0Er8Dem5nqi4jeOLrVJDoE8tZEpnMJmtkvNbB1EIPPwHcdkF6b1oUA=="],

    "@fontsource-variable/jetbrains-mono": ["@fontsource-variable/jetbrains-mono@5.3.0", "", {}, "sha512-F32xpS2NsGYoQi2ADSkKTgpJj7ozajsGgDJ8woTnqjmIB+dxDIqImjl4pXZVEExu8UFZ2ndhmX18EBS/hdz3Lw=="],

    "@types/bun": ["@types/bun@1.4.2", "", { "dependencies": { "bun-types": "1.4.2" } }, "sha512-GimotNn7+ZV0uVArItBbriZsR1oNf0+WTzPkdcFrzShI7k2norL0uzEaJT8T33dWr7O/c9ZDuAFQrctKCi72oQ=="],

    "@types/geojson": ["@types/geojson@7946.0.16", "", {}, "sha512-6C8nqWur3j98U6+lXDfTUWIfgvZU+EumvpHKcYjujKH7woYyLj2sUmff0tRhrqM7BohUw7Pz3ZB1jj2gW9Fvmg=="],

    "@types/leaflet": ["@types/leaflet@1.9.22", "", { "dependencies": { "@types/geojson": "*" } }, "sha512-h3lhECYEKDasG7LFHu+GiHqAvsgLuQvlJvVZzJDGONo3sEL+wUOqSFLnwkZlK0qVxnxbuGFW8iBlJNYs5wgndA=="],

    "@types/node": ["@types/node@22.20.3", "", { "dependencies": { "undici-types": "~6.21.0" } }, "sha512-DZmzkmwHzXrLPAXPyKNDzlIwMMUZCVacoD25ywdy5YTKGbOx/2ld+Q38Im2zJ0vBuZP5Prd3VZutKZyXwkOS8A=="],

    "bun-types": ["bun-types@1.4.2", "", { "dependencies": { "@types/node": "*" } }, "sha512-bxV1FgK7yBIzjRe5zBozIM4Bem11ZJcCXSrjWRG3YWLt8yFDePu4cLjpebO8OvPeIE9trbyPF4fuj3Cia4Fj3w=="],

    "leaflet": ["leaflet@1.9.4", "", {}, "sha512-nxS1ynzJOmOlHp+iL3FyWqK89GtNL8U8rvlMOsQdTTssxZwCXh8N2NB3GDQOL+YR3XnWyZAxwQixURb+FA74PA=="],

    "lucide": ["lucide@1.49.0", "", {}, "sha512-Dyl20SJao+7GUAYqa1Wz/x5wiIYzVRlDXwtFDvf44HULQObsb8YjXE81YGv24WMFQQYLqlxHu86ikEAqG4Mbww=="],

    "notyf": ["notyf@3.10.0", "", {}, "sha512-Mtnp+0qiZxgrH+TzVlzhWyZceHdAZ/UWK0/ju9U0HQeDpap1mZ8cC7H5wSI5mwgni6yeAjaxsTw0sbMK+aSuHw=="],

    "undici-types": ["undici-types@6.21.0", "", {}, "sha512-iwDZqg0QAGrg9Rav5H4n0M64c3mkR59cJ6wQp+7C4nI0gsmExaedaYLNO44eT4AtBBwjbTiGPMlt2Md0T9H9JQ=="],
  }
}
